
Microsoft Visual Studio Solution File, Format Version 12.00
Project("{FAE04EC0-301F-11D3-BF4B-00C04F79EFBC}") = "Vernanna.WaltherVonDerVogelweide", "src\Vernanna.WaltherVonDerVogelweide\Vernanna.WaltherVonDerVogelweide.csproj", "{45518FCE-C464-4003-9081-28FD0C1A67F0}"
EndProject
Project("{FAE04EC0-301F-11D3-BF4B-00C04F79EFBC}") = "Vernanna.WaltherVonDerVogelweide.Infrastructure.Discord", "src\Vernanna.WaltherVonDerVogelweide.Infrastructure.Discord\Vernanna.WaltherVonDerVogelweide.Infrastructure.Discord.csproj", "{00CF0262-00F7-4020-9177-FC72D0190095}"
EndProject
Project("{FAE04EC0-301F-11D3-BF4B-00C04F79EFBC}") = "Vernanna.WaltherVonDerVogelweide.Shared", "src\Vernanna.WaltherVonDerVogelweide.Shared\Vernanna.WaltherVonDerVogelweide.Shared.csproj", "{6DF6F58A-A4E1-455F-959F-D06C20EB71A2}"
EndProject
Project("{2150E333-8FDC-42A3-9474-1A3956D46DE8}") = "SolutionItems", "SolutionItems", "{99D38C85-D023-4F97-AC02-26049E53BA43}"
	ProjectSection(SolutionItems) = preProject
		.editorconfig = .editorconfig
		.gitignore = .gitignore
		README.md = README.md
		Vernanna.WaltherVonDerVogelweide.sln.DotSettings = Vernanna.WaltherVonDerVogelweide.sln.DotSettings
		Directory.Build.props = Directory.Build.props
	EndProjectSection
EndProject
Global
	GlobalSection(SolutionConfigurationPlatforms) = preSolution
		Debug|Any CPU = Debug|Any CPU
		Release|Any CPU = Release|Any CPU
	EndGlobalSection
	GlobalSection(ProjectConfigurationPlatforms) = postSolution
		{45518FCE-C464-4003-9081-28FD0C1A67F0}.Debug|Any CPU.ActiveCfg = Debug|Any CPU
		{45518FCE-C464-4003-9081-28FD0C1A67F0}.Debug|Any CPU.Build.0 = Debug|Any CPU
		{45518FCE-C464-4003-9081-28FD0C1A67F0}.Release|Any CPU.ActiveCfg = Release|Any CPU
		{45518FCE-C464-4003-9081-28FD0C1A67F0}.Release|Any CPU.Build.0 = Release|Any CPU
		{00CF0262-00F7-4020-9177-FC72D0190095}.Debug|Any CPU.ActiveCfg = Debug|Any CPU
		{00CF0262-00F7-4020-9177-FC72D0190095}.Debug|Any CPU.Build.0 = Debug|Any CPU
		{00CF0262-00F7-4020-9177-FC72D0190095}.Release|Any CPU.ActiveCfg = Release|Any CPU
		{00CF0262-00F7-4020-9177-FC72D0190095}.Release|Any CPU.Build.0 = Release|Any CPU
		{6DF6F58A-A4E1-455F-959F-D06C20EB71A2}.Debug|Any CPU.ActiveCfg = Debug|Any CPU
		{6DF6F58A-A4E1-455F-959F-D06C20EB71A2}.Debug|Any CPU.Build.0 = Debug|Any CPU
		{6DF6F58A-A4E1-455F-959F-D06C20EB71A2}.Release|Any CPU.ActiveCfg = Release|Any CPU
		{6DF6F58A-A4E1-455F-959F-D06C20EB71A2}.Release|Any CPU.Build.0 = Release|Any CPU
	EndGlobalSection
EndGlobal
